Microsoft Visual Studio Solution File, Format Version 11.00
# Visual Studio 2008

Project("{3903C988-356F-95C3-B9DC-A3D37936CA9B}") = "Charla inteligencia artificial (completo)", "Assembly-CSharp-firstpass.csproj", "{0D851376-6C56-E44A-6005-48F19B689828}"
EndProject
Project("{3903C988-356F-95C3-B9DC-A3D37936CA9B}") = "Charla inteligencia artificial (completo)", "Assembly-CSharp.csproj", "{BE72202F-D8A9-292C-256A-782235FC62DA}"
EndProject
Project("{3903C988-356F-95C3-B9DC-A3D37936CA9B}") = "Charla inteligencia artificial (completo)", "Assembly-CSharp-Editor.csproj", "{82D37569-15A4-9FBA-1A46-FA73FD4626C4}"
EndProject
Project("{3903C988-356F-95C3-B9DC-A3D37936CA9B}") = "Charla inteligencia artificial (completo)", "Assembly-Boo-Editor.booproj", "{FC088B76-8A86-E293-63DB-D4E45FBF6D64}"
EndProject
Project("{3903C988-356F-95C3-B9DC-A3D37936CA9B}") = "Charla inteligencia artificial (completo)", "Assembly-UnityScript-Editor.unityproj", "{A8A303F5-DCFE-80E6-0BDF-A7A1C2EB3F71}"
EndProject
Global
	GlobalSection(SolutionConfigurationPlatforms) = preSolution
		Debug|Any CPU = Debug|Any CPU
		Release|Any CPU = Release|Any CPU
	EndGlobalSection
	GlobalSection(ProjectConfigurationPlatforms) = postSolution
		{0D851376-6C56-E44A-6005-48F19B689828}.Debug|Any CPU.ActiveCfg = Debug|Any CPU
		{0D851376-6C56-E44A-6005-48F19B689828}.Debug|Any CPU.Build.0 = Debug|Any CPU
		{0D851376-6C56-E44A-6005-48F19B689828}.Release|Any CPU.ActiveCfg = Release|Any CPU
		{0D851376-6C56-E44A-6005-48F19B689828}.Release|Any CPU.Build.0 = Release|Any CPU
		{BE72202F-D8A9-292C-256A-782235FC62DA}.Debug|Any CPU.ActiveCfg = Debug|Any CPU
		{BE72202F-D8A9-292C-256A-782235FC62DA}.Debug|Any CPU.Build.0 = Debug|Any CPU
		{BE72202F-D8A9-292C-256A-782235FC62DA}.Release|Any CPU.ActiveCfg = Release|Any CPU
		{BE72202F-D8A9-292C-256A-782235FC62DA}.Release|Any CPU.Build.0 = Release|Any CPU
		{82D37569-15A4-9FBA-1A46-FA73FD4626C4}.Debug|Any CPU.ActiveCfg = Debug|Any CPU
		{82D37569-15A4-9FBA-1A46-FA73FD4626C4}.Debug|Any CPU.Build.0 = Debug|Any CPU
		{82D37569-15A4-9FBA-1A46-FA73FD4626C4}.Release|Any CPU.ActiveCfg = Release|Any CPU
		{82D37569-15A4-9FBA-1A46-FA73FD4626C4}.Release|Any CPU.Build.0 = Release|Any CPU
		{FC088B76-8A86-E293-63DB-D4E45FBF6D64}.Debug|Any CPU.ActiveCfg = Debug|Any CPU
		{FC088B76-8A86-E293-63DB-D4E45FBF6D64}.Debug|Any CPU.Build.0 = Debug|Any CPU
		{FC088B76-8A86-E293-63DB-D4E45FBF6D64}.Release|Any CPU.ActiveCfg = Release|Any CPU
		{FC088B76-8A86-E293-63DB-D4E45FBF6D64}.Release|Any CPU.Build.0 = Release|Any CPU
		{A8A303F5-DCFE-80E6-0BDF-A7A1C2EB3F71}.Debug|Any CPU.ActiveCfg = Debug|Any CPU
		{A8A303F5-DCFE-80E6-0BDF-A7A1C2EB3F71}.Debug|Any CPU.Build.0 = Debug|Any CPU
		{A8A303F5-DCFE-80E6-0BDF-A7A1C2EB3F71}.Release|Any CPU.ActiveCfg = Release|Any CPU
		{A8A303F5-DCFE-80E6-0BDF-A7A1C2EB3F71}.Release|Any CPU.Build.0 = Release|Any CPU
	EndGlobalSection
	GlobalSection(SolutionProperties) = preSolution
		HideSolutionNode = FALSE
	EndGlobalSection
	GlobalSection(MonoDevelopProperties) = preSolution
		StartupItem = Assembly-CSharp.csproj
		Policies = $0
		$0.TextStylePolicy = $1
		$1.inheritsSet = null
		$1.scope = text/x-csharp
		$0.CSharpFormattingPolicy = $2
		$2.inheritsSet = Mono
		$2.inheritsScope = text/x-csharp
		$2.scope = text/x-csharp
		$0.TextStylePolicy = $3
		$3.FileWidth = 120
		$3.TabWidth = 4
		$3.IndentWidth = 4
		$3.EolMarker = Unix
		$3.inheritsSet = Mono
		$3.inheritsScope = text/plain
		$3.scope = text/plain
	EndGlobalSection
EndGlobal
